
Microsoft Visual Studio Solution File, Format Version 12.00
# Visual Studio Version 17
VisualStudioVersion = 17.2.32519.379
MinimumVisualStudioVersion = 10.0.40219.1
Project("{FAE04EC0-301F-11D3-BF4B-00C04F79EFBC}") = "BlazorDemo", "BlazorDemo\BlazorDemo.csproj", "{FD042988-01D6-4D66-89A1-DD05C86A0619}"
EndProject
Global
	GlobalSection(SolutionConfigurationPlatforms) = preSolution
		Debug|Any CPU = Debug|Any CPU
		Release|Any CPU = Release|Any CPU
	EndGlobalSection
	GlobalSection(ProjectConfigurationPlatforms) = postSolution
		{FD042988-01D6-4D66-89A1-DD05C86A0619}.Debug|Any CPU.ActiveCfg = Debug|Any CPU
		{FD042988-01D6-4D66-89A1-DD05C86A0619}.Debug|Any CPU.Build.0 = Debug|Any CPU
		{FD042988-01D6-4D66-89A1-DD05C86A0619}.Release|Any CPU.ActiveCfg = Release|Any CPU
		{FD042988-01D6-4D66-89A1-DD05C86A0619}.Release|Any CPU.Build.0 = Release|Any CPU
	EndGlobalSection
	GlobalSection(SolutionProperties) = preSolution
		HideSolutionNode = FALSE
	EndGlobalSection
	GlobalSection(ExtensibilityGlobals) = postSolution
		SolutionGuid = {62FA7184-6735-493E-A33F-184E3A3FDACD}
	EndGlobalSection
EndGlobal
